
Microsoft Visual Studio Solution File, Format Version 12.00
# Visual Studio 15
VisualStudioVersion = 15.0.28307.168
MinimumVisualStudioVersion = 10.0.40219.1
Project("{FAE04EC0-301F-11D3-BF4B-00C04F79EFBC}") = "WinFormsComponents", "WinFormsComponents\WinFormsComponents.csproj", "{99007559-540E-489D-802A-00025D27D8B5}"
EndProject
Global
	GlobalSection(SolutionConfigurationPlatforms) = preSolution
		Debug|Any CPU = Debug|Any CPU
		Release|Any CPU = Release|Any CPU
	EndGlobalSection
	GlobalSection(ProjectConfigurationPlatforms) = postSolution
		{99007559-540E-489D-802A-00025D27D8B5}.Debug|Any CPU.ActiveCfg = Debug|Any CPU
		{99007559-540E-489D-802A-00025D27D8B5}.Debug|Any CPU.Build.0 = Debug|Any CPU
		{99007559-540E-489D-802A-00025D27D8B5}.Release|Any CPU.ActiveCfg = Release|Any CPU
		{99007559-540E-489D-802A-00025D27D8B5}.Release|Any CPU.Build.0 = Release|Any CPU
	EndGlobalSection
	GlobalSection(SolutionProperties) = preSolution
		HideSolutionNode = FALSE
	EndGlobalSection
	GlobalSection(ExtensibilityGlobals) = postSolution
		SolutionGuid = {84817CBE-D492-4085-8E61-E9C2C10F4E75}
	EndGlobalSection
EndGlobal
